{
  "version": 4,
  "terraform_version": "1.3.7",
  "serial": 357,
  "lineage": "5094f575-a469-b0b1-ff36-2c750346ca30",
  "outputs": {},
  "resources": [
    {
      "mode": "managed",
      "type": "google_container_cluster",
      "name": "lol_cluster",
      "provider": "provider[\"registry.terraform.io/hashicorp/google\"]",
      "instances": [
        {
          "schema_version": 1,
          "attributes": {
            "addons_config": [
              {
                "cloudrun_config": [],
                "config_connector_config": [],
                "dns_cache_config": [],
                "gce_persistent_disk_csi_driver_config": [
                  {
                    "enabled": true
                  }
                ],
                "gcp_filestore_csi_driver_config": [],
                "gke_backup_agent_config": [],
                "horizontal_pod_autoscaling": [],
                "http_load_balancing": [],
                "network_policy_config": [
                  {
                    "disabled": true
                  }
                ]
              }
            ],
            "authenticator_groups_config": [],
            "binary_authorization": [
              {
                "enabled": false,
                "evaluation_mode": ""
              }
            ],
            "cluster_autoscaling": [
              {
                "auto_provisioning_defaults": [],
                "enabled": false,
                "resource_limits": []
              }
            ],
            "cluster_ipv4_cidr": "10.4.0.0/14",
            "confidential_nodes": [],
            "cost_management_config": [],
            "database_encryption": [
              {
                "key_name": "",
                "state": "DECRYPTED"
              }
            ],
            "datapath_provider": "",
            "default_max_pods_per_node": 110,
            "default_snat_status": [
              {
                "disabled": false
              }
            ],
            "description": "",
            "dns_config": [],
            "enable_autopilot": false,
            "enable_binary_authorization": false,
            "enable_intranode_visibility": false,
            "enable_kubernetes_alpha": false,
            "enable_l4_ilb_subsetting": false,
            "enable_legacy_abac": false,
            "enable_shielded_nodes": true,
            "enable_tpu": false,
            "endpoint": "10.0.1.2",
            "gateway_api_config": [],
            "id": "projects/nimble-unison-386200/locations/us-central1-a/clusters/gke-cluster",
            "initial_node_count": 1,
            "ip_allocation_policy": [
              {
                "cluster_ipv4_cidr_block": "10.4.0.0/14",
                "cluster_secondary_range_name": "gke-gke-cluster-pods-8e470eee",
                "pod_cidr_overprovision_config": [
                  {
                    "disabled": false
                  }
                ],
                "services_ipv4_cidr_block": "192.168.0.0/20",
                "services_secondary_range_name": "gke-gke-cluster-services-8e470eee",
                "stack_type": "IPV4"
              }
            ],
            "label_fingerprint": "a9dc16a7",
            "location": "us-central1-a",
            "logging_config": [
              {
                "enable_components": [
                  "SYSTEM_COMPONENTS",
                  "WORKLOADS"
                ]
              }
            ],
            "logging_service": "logging.googleapis.com/kubernetes",
            "maintenance_policy": [],
            "master_auth": [
              {
                "client_certificate": "",
                "client_certificate_config": [
                  {
                    "issue_client_certificate": false
                  }
                ],
                "client_key": "",
                "cluster_ca_certificate": "LS0tLS1CRUdJTiBDRVJUSUZJQ0FURS0tLS0tCk1JSUVMRENDQXBTZ0F3SUJBZ0lRRWtCUEZlSytQL2trV3gxNG11QmY4VEFOQmdrcWhraUc5dzBCQVFzRkFEQXYKTVMwd0t3WURWUVFERXlSbE5EZG1PVFV5WlMwMU9HSmhMVFJqTmpZdE9HVmlOaTB5Wm1JMlptTmpaR1ppTm1ZdwpJQmNOTWpNd05USXhNVGd6TlRJeldoZ1BNakExTXpBMU1UTXhPVE0xTWpOYU1DOHhMVEFyQmdOVkJBTVRKR1UwCk4yWTVOVEpsTFRVNFltRXROR00yTmkwNFpXSTJMVEptWWpabVkyTmtabUkyWmpDQ0FhSXdEUVlKS29aSWh2Y04KQVFFQkJRQURnZ0dQQURDQ0FZb0NnZ0dCQUpiQ0VxQkxsUHdUK0VFMlJlV2tWb0J6bkg0VkQyZDRrQ0hMbVRwMApoQWZ2THJ4NmRwV1VHK1MxVFJzQzBvR0hkMWl0MnVMcTNYUVRsOHg0OExkQzdaTXJsejFJM255R1YzbjRiTkNsCjBCRFllYVZKUFZxY203V014Y0pvSWxNL2wydnNma3lIZGlvSXIyd3NwemVHK2FQZzRlNTZ3ek9hSVFSZGs4MFkKbEJFTGNJVThRclAvcnZKTDZHRDRETGQ4Nzk0SEJBdzlvblhqQkg5cW9VaUxUOTdlUmJmOHEzYnFZVUU0SkI2TwpIQUl5V29qR1dhYWE2S1dDRFpna0tyMWVFTXJSeE9SMFdMMCtYUlFKaVpoUUZwMTRFd0ZpVm1xVTlWeHpEVXBuClJaUEFxdExxaEsyT3JNVXZRZnllcmtyNGV6THhTbzhzSmc5N2Yxc0gzNFJzN3k3ZXFWR1k5TTZZdXoxc2V0VFQKVWlYb1NPRmtWWmhUekVJUVhXTjJSVHgyditGUnpuUG9mbWpxU0YvdTFmTEdHSVhUZ0VYTVovUUlJZHk5eHErUQpibjRsb3h2Zk5aUGRBZTBpOWZRL20yYkJKbEV5WEE0QTdZS00rTnYxNm8weTBMcXVtbFVaNGdLSmlkcmlwektRClVYc3paZExPSC9sTWdHeWNTc2s1NUtTczV3SURBUUFCbzBJd1FEQU9CZ05WSFE4QkFmOEVCQU1DQWdRd0R3WUQKVlIwVEFRSC9CQVV3QXdFQi96QWRCZ05WSFE0RUZnUVVWSm91a3gwUzlNQkFOWllYMWQyUHpQOCtkUUl3RFFZSgpLb1pJaHZjTkFRRUxCUUFEZ2dHQkFDM2I1eFlCdTg1WXg2dU93QW5oY3ZlOVBHbkNuWS91d0tNZUE2Q0U2dkpvCmxGYjJYSkdLcnNCSkE2M2V6ZUlQQzRtdUZMNmN1K2Y3OTExRGU5NHFZbVAzY2xyRjlDUnYyT1RsYWFkc0Q2VmcKd2VNdlovSzROM3JiV2tqbU91TmZ2aFA1UlV1Ri9mdUtZSDFPUWtEMU1DTFFvSzhOK2dzQXNNK200bTFaR1FzZgo5SGJaTTdDMHVyR2h4Nmx4VjFpZWEzU1N2V1lSeVg3L2cxcjk0T0M1MHlESlBnemZGcUtwVVhOaTRPMjZDdzRRClAzY0wxM1BBUWp3eXFPVTVTUS9kaWw3VFlFczRNRlA1dGYwdGZLTlhDakZHWFQ5S1BlN1ZIOFB6ejhpUXlGcUUKWnZ5YVA3SFFaZ3QzL3EyblU2OFZNWk5aWW5FUEQ2YnpXVjhCcWZXMUJWOUtBMjRYS09GdEwvTk0wUTFqMWlXVApaaXh4NW5hWXlvMFJuVzJ0WVVJVDJ0cmNwZ3B2Ukw0VEwxdmRqVkRVMnBBTisrdTl3TlhCTmtIMFJmaXZaV2NvClV4SDlaRlJLR2MzOVA1ZXBnNzdzQUVoRXVOSDgyRGtscXgzc3JseFgvVkJoQUZoNzN1VmR5dWV3OHFrNm1LeG8KeGVEaWxBL1l4NzU5VFFRT2dHckpGZz09Ci0tLS0tRU5EIENFUlRJRklDQVRFLS0tLS0K"
              }
            ],
            "master_authorized_networks_config": [
              {
                "cidr_blocks": [
                  {
                    "cidr_block": "10.0.0.0/16",
                    "display_name": ""
                  }
                ],
                "gcp_public_cidrs_access_enabled": false
              }
            ],
            "master_version": "1.25.8-gke.500",
            "mesh_certificates": [],
            "min_master_version": null,
            "monitoring_config": [
              {
                "enable_components": [
                  "SYSTEM_COMPONENTS"
                ],
                "managed_prometheus": []
              }
            ],
            "monitoring_service": "monitoring.googleapis.com/kubernetes",
            "name": "gke-cluster",
            "network": "projects/nimble-unison-386200/global/networks/task",
            "network_policy": [
              {
                "enabled": false,
                "provider": "PROVIDER_UNSPECIFIED"
              }
            ],
            "networking_mode": "VPC_NATIVE",
            "node_config": [
              {
                "advanced_machine_features": [],
                "boot_disk_kms_key": "",
                "disk_size_gb": 100,
                "disk_type": "pd-balanced",
                "ephemeral_storage_local_ssd_config": [],
                "gcfs_config": [],
                "guest_accelerator": [],
                "gvnic": [],
                "image_type": "COS_CONTAINERD",
                "kubelet_config": [],
                "labels": {},
                "linux_node_config": [],
                "local_nvme_ssd_block_config": [],
                "local_ssd_count": 0,
                "logging_variant": "DEFAULT",
                "machine_type": "e2-medium",
                "metadata": {
                  "disable-legacy-endpoints": "true"
                },
                "min_cpu_platform": "",
                "node_group": "",
                "oauth_scopes": [
                  "https://www.googleapis.com/auth/devstorage.read_only",
                  "https://www.googleapis.com/auth/logging.write",
                  "https://www.googleapis.com/auth/monitoring",
                  "https://www.googleapis.com/auth/service.management.readonly",
                  "https://www.googleapis.com/auth/servicecontrol",
                  "https://www.googleapis.com/auth/trace.append"
                ],
                "preemptible": false,
                "reservation_affinity": [],
                "resource_labels": {},
                "service_account": "default",
                "shielded_instance_config": [
                  {
                    "enable_integrity_monitoring": true,
                    "enable_secure_boot": false
                  }
                ],
                "spot": false,
                "tags": [],
                "taint": [],
                "workload_metadata_config": []
              }
            ],
            "node_locations": [],
            "node_pool": [
              {
                "autoscaling": [],
                "initial_node_count": 1,
                "instance_group_urls": [
                  "https://www.googleapis.com/compute/v1/projects/nimble-unison-386200/zones/us-central1-a/instanceGroupManagers/gke-gke-cluster-default-pool-38a8eb52-grp"
                ],
                "managed_instance_group_urls": [
                  "https://www.googleapis.com/compute/v1/projects/nimble-unison-386200/zones/us-central1-a/instanceGroups/gke-gke-cluster-default-pool-38a8eb52-grp"
                ],
                "management": [
                  {
                    "auto_repair": true,
                    "auto_upgrade": true
                  }
                ],
                "max_pods_per_node": 110,
                "name": "default-pool",
                "name_prefix": "",
                "network_config": [
                  {
                    "create_pod_range": false,
                    "enable_private_nodes": false,
                    "pod_cidr_overprovision_config": [],
                    "pod_ipv4_cidr_block": "10.4.0.0/14",
                    "pod_range": "gke-gke-cluster-pods-8e470eee"
                  }
                ],
                "node_config": [
                  {
                    "advanced_machine_features": [],
                    "boot_disk_kms_key": "",
                    "disk_size_gb": 100,
                    "disk_type": "pd-balanced",
                    "ephemeral_storage_local_ssd_config": [],
                    "gcfs_config": [],
                    "guest_accelerator": [],
                    "gvnic": [],
                    "image_type": "COS_CONTAINERD",
                    "kubelet_config": [],
                    "labels": {},
                    "linux_node_config": [],
                    "local_nvme_ssd_block_config": [],
                    "local_ssd_count": 0,
                    "logging_variant": "DEFAULT",
                    "machine_type": "e2-medium",
                    "metadata": {
                      "disable-legacy-endpoints": "true"
                    },
                    "min_cpu_platform": "",
                    "node_group": "",
                    "oauth_scopes": [
                      "https://www.googleapis.com/auth/devstorage.read_only",
                      "https://www.googleapis.com/auth/logging.write",
                      "https://www.googleapis.com/auth/monitoring",
                      "https://www.googleapis.com/auth/service.management.readonly",
                      "https://www.googleapis.com/auth/servicecontrol",
                      "https://www.googleapis.com/auth/trace.append"
                    ],
                    "preemptible": false,
                    "reservation_affinity": [],
                    "resource_labels": {},
                    "service_account": "default",
                    "shielded_instance_config": [
                      {
                        "enable_integrity_monitoring": true,
                        "enable_secure_boot": false
                      }
                    ],
                    "spot": false,
                    "tags": [],
                    "taint": [],
                    "workload_metadata_config": []
                  }
                ],
                "node_count": 1,
                "node_locations": [
                  "us-central1-a"
                ],
                "placement_policy": [],
                "upgrade_settings": [
                  {
                    "blue_green_settings": [],
                    "max_surge": 1,
                    "max_unavailable": 0,
                    "strategy": "SURGE"
                  }
                ],
                "version": "1.25.8-gke.500"
              }
            ],
            "node_pool_defaults": [
              {
                "node_config_defaults": [
                  {
                    "logging_variant": "DEFAULT"
                  }
                ]
              }
            ],
            "node_version": "1.25.8-gke.500",
            "notification_config": [
              {
                "pubsub": [
                  {
                    "enabled": false,
                    "filter": [],
                    "topic": ""
                  }
                ]
              }
            ],
            "operation": null,
            "private_cluster_config": [
              {
                "enable_private_endpoint": true,
                "enable_private_nodes": true,
                "master_global_access_config": [
                  {
                    "enabled": false
                  }
                ],
                "master_ipv4_cidr_block": "10.0.1.0/28",
                "peering_name": "gke-n98276924fb8b012c35e-afd1-3309-peer",
                "private_endpoint": "10.0.1.2",
                "private_endpoint_subnetwork": "",
                "public_endpoint": "34.121.144.87"
              }
            ],
            "private_ipv6_google_access": "",
            "project": "nimble-unison-386200",
            "release_channel": [
              {
                "channel": "REGULAR"
              }
            ],
            "remove_default_node_pool": null,
            "resource_labels": {},
            "resource_usage_export_config": [],
            "self_link": "https://container.googleapis.com/v1/projects/nimble-unison-386200/zones/us-central1-a/clusters/gke-cluster",
            "service_external_ips_config": [
              {
                "enabled": false
              }
            ],
            "services_ipv4_cidr": "192.168.0.0/20",
            "subnetwork": "projects/nimble-unison-386200/regions/us-central1/subnetworks/task",
            "timeouts": null,
            "tpu_ipv4_cidr_block": "",
            "vertical_pod_autoscaling": [],
            "workload_identity_config": []
          },
          "sensitive_attributes": [],
          "private": "eyJlMmJmYjczMC1lY2FhLTExZTYtOGY4OC0zNDM2M2JjN2M0YzAiOnsiY3JlYXRlIjoyNDAwMDAwMDAwMDAwLCJkZWxldGUiOjI0MDAwMDAwMDAwMDAsInJlYWQiOjI0MDAwMDAwMDAwMDAsInVwZGF0ZSI6MzYwMDAwMDAwMDAwMH0sInNjaGVtYV92ZXJzaW9uIjoiMSJ9",
          "dependencies": [
            "module.vpc.google_compute_network.vpc"
          ]
        }
      ]
    },
    {
      "module": "module.gke",
      "mode": "managed",
      "type": "google_container_cluster",
      "name": "my_cluster",
      "provider": "provider[\"registry.terraform.io/hashicorp/google\"]",
      "instances": [
        {
          "schema_version": 1,
          "attributes": {
            "addons_config": [
              {
                "cloudrun_config": [],
                "config_connector_config": [],
                "dns_cache_config": [],
                "gce_persistent_disk_csi_driver_config": [
                  {
                    "enabled": true
                  }
                ],
                "gcp_filestore_csi_driver_config": [],
                "gke_backup_agent_config": [],
                "horizontal_pod_autoscaling": [],
                "http_load_balancing": [],
                "network_policy_config": [
                  {
                    "disabled": true
                  }
                ]
              }
            ],
            "authenticator_groups_config": [],
            "binary_authorization": [
              {
                "enabled": false,
                "evaluation_mode": ""
              }
            ],
            "cluster_autoscaling": [
              {
                "auto_provisioning_defaults": [],
                "enabled": false,
                "resource_limits": []
              }
            ],
            "cluster_ipv4_cidr": "10.0.0.0/14",
            "confidential_nodes": [],
            "cost_management_config": [],
            "database_encryption": [
              {
                "key_name": "",
                "state": "DECRYPTED"
              }
            ],
            "datapath_provider": "",
            "default_max_pods_per_node": null,
            "default_snat_status": [
              {
                "disabled": false
              }
            ],
            "description": "",
            "dns_config": [],
            "enable_autopilot": false,
            "enable_binary_authorization": false,
            "enable_intranode_visibility": false,
            "enable_kubernetes_alpha": false,
            "enable_l4_ilb_subsetting": false,
            "enable_legacy_abac": false,
            "enable_shielded_nodes": true,
            "enable_tpu": false,
            "endpoint": "34.66.181.197",
            "gateway_api_config": [],
            "id": "projects/nimble-unison-386200/locations/us-central1-a/clusters/my-cluster",
            "initial_node_count": 1,
            "ip_allocation_policy": [],
            "label_fingerprint": "a9dc16a7",
            "location": "us-central1-a",
            "logging_config": [
              {
                "enable_components": [
                  "SYSTEM_COMPONENTS",
                  "WORKLOADS"
                ]
              }
            ],
            "logging_service": "logging.googleapis.com/kubernetes",
            "maintenance_policy": [],
            "master_auth": [
              {
                "client_certificate": "",
                "client_certificate_config": [
                  {
                    "issue_client_certificate": false
                  }
                ],
                "client_key": "",
                "cluster_ca_certificate": "LS0tLS1CRUdJTiBDRVJUSUZJQ0FURS0tLS0tCk1JSUVMVENDQXBXZ0F3SUJBZ0lSQUpSTmFQb3lOdFFTeXg5c0JiYW9ZTFF3RFFZSktvWklodmNOQVFFTEJRQXcKTHpFdE1Dc0dBMVVFQXhNa1pEaGpaV1UzWldRdE16UmxZeTAwWWpkaExXSTVPV1F0T1RNeFlXWXhZbVZqTnpJMgpNQ0FYRFRJek1EVXlNVEU0TXpReU9Wb1lEekl3TlRNd05URXpNVGt6TkRJNVdqQXZNUzB3S3dZRFZRUURFeVJrCk9HTmxaVGRsWkMwek5HVmpMVFJpTjJFdFlqazVaQzA1TXpGaFpqRmlaV00zTWpZd2dnR2lNQTBHQ1NxR1NJYjMKRFFFQkFRVUFBNElCandBd2dnR0tBb0lCZ1FDcy9aTTNzQ0FFamthVFVNNnJjTlkybFoxUnMrclJYU1g1SEVHeQpZTzlrMWxVWGJaV3RmS0t2SzhucXBiSVBPRUJmVEFEOEtGWXYwNlNSMlZWOEtBZDdyZ05Uczc2RkNqQUVyekIwCnFiRDIzTkFZaTJMZklHVGl5MDdrcGtkUElueHdkOFFxaDBBTFFXUUdxbm1raFRqc0NLM3VqVDBwZkJKVE5MQU0KRWpDRG1BN21YMFBMUDJLdkIvT1dsQU91bzlaMXpiQW41TzYyYzFuQ2x2K3dOUWcyZFlNM0ZKN0NoWjNnT01XVwptYUVRUG1xWUZQNHRJQ0dFaDVDL1dSZHRaM1dZOTBIY1hMekJXQnRIc2NkS2prOERGaU9kdm5ITkN5MnVFY0JvCnphNVVTQ2JCSW5rU1pjTXFyMHJNU05vWG42L3pNR1paK3RST1hQTHF0WkNZR1AvcDN0ZDdBWU5UamJIOGFEMTkKbGNQK0REVXNwL1pTRVJFVFMvRWRuYnZISkwvVzRNaitzV2l1eVRibXg3enByNEVpcEJOay9MRHV2ZUV1RDhZawppT2pYQ1VITzJaTm96VFFaNi9TeHlsUG50RmxreGpVaFl2dlRLNDhQMllWSnluVzBaUEtITXI2amMwQjhyQ0R3Ck91d25TZTY1SXptdGoxcWcwZ2Q0SEp5YnNrOENBd0VBQWFOQ01FQXdEZ1lEVlIwUEFRSC9CQVFEQWdJRU1BOEcKQTFVZEV3RUIvd1FGTUFNQkFmOHdIUVlEVlIwT0JCWUVGUEp6MmVvVzRjT0xJR2JXM2tOU2l0cXJ6SnRGTUEwRwpDU3FHU0liM0RRRUJDd1VBQTRJQmdRQlNlM3BJcnliYXVCdVk0OTJIUExLUHBBMjNicUJjaU5YRjYwQXlmVElvCnFmYVEyQ3NpaXlyV0VONXJLNUR5Uk5maHZOWS95aTNyYmJhK2FvSmd1SmwxRFBaVlprUThDNlN3ODVUQmRIN3YKL0pkYmE0UnNKbTVVdzVtNjFPV3Fhd0xxRUVaa2tOS1FEQllidGw3bXd4anQzTGZ4clltYkorOVFWemV1RlRBaQpicTc2MTZYQ3JpYkdLYnVJYWQvSTR4cVpiUjdOaGMyUkhMQno1OUp0NlZtc0xrczI3dlA3VFk1ZjRtVTc2TlhtCldUMUJhcyt6SWtkUTFEaGliaW5jVUdwbjE2N3ZpNE0yQkkrMFp4dnEyUGZ6dGhXZjZZREQxYzdlTytOT2FNYksKWitDWFdiUjNieXJFdnFWT3pEUDhjMHltVFNhNzllcVpqVUxnTlVJNlJISk1vdU1jTW9EM3dlRFlBNmNzWTNNbApyNGRGL29QT2V2aGtrbThYM1BBT2UwL1hmTDB4Z0RGOFJBU3lwSVpzUU80QW10RDlqSjRxT3NjRlNmNFpJbDZJCkNDMTVKa1U1SFlHUExhU1A3ckR1S09HczdoVEJ6VmdObTZMY3h3dTJTa0FURE1Oam1iSEV4c21zRTNIOERYUnoKSzZhdG5qVXU3cjNJWVhDajRPL2RZZnc9Ci0tLS0tRU5EIENFUlRJRklDQVRFLS0tLS0K"
              }
            ],
            "master_authorized_networks_config": [],
            "master_version": "1.25.8-gke.500",
            "mesh_certificates": [],
            "min_master_version": null,
            "monitoring_config": [
              {
                "enable_components": [
                  "SYSTEM_COMPONENTS"
                ],
                "managed_prometheus": []
              }
            ],
            "monitoring_service": "monitoring.googleapis.com/kubernetes",
            "name": "my-cluster",
            "network": "projects/nimble-unison-386200/global/networks/default",
            "network_policy": [
              {
                "enabled": false,
                "provider": "PROVIDER_UNSPECIFIED"
              }
            ],
            "networking_mode": "ROUTES",
            "node_config": [
              {
                "advanced_machine_features": [],
                "boot_disk_kms_key": "",
                "disk_size_gb": 100,
                "disk_type": "pd-balanced",
                "ephemeral_storage_local_ssd_config": [],
                "gcfs_config": [],
                "guest_accelerator": [],
                "gvnic": [],
                "image_type": "COS_CONTAINERD",
                "kubelet_config": [],
                "labels": {},
                "linux_node_config": [],
                "local_nvme_ssd_block_config": [],
                "local_ssd_count": 0,
                "logging_variant": "DEFAULT",
                "machine_type": "n1-standard-1",
                "metadata": {
                  "disable-legacy-endpoints": "true"
                },
                "min_cpu_platform": "",
                "node_group": "",
                "oauth_scopes": [
                  "https://www.googleapis.com/auth/devstorage.read_only",
                  "https://www.googleapis.com/auth/logging.write",
                  "https://www.googleapis.com/auth/monitoring",
                  "https://www.googleapis.com/auth/service.management.readonly",
                  "https://www.googleapis.com/auth/servicecontrol",
                  "https://www.googleapis.com/auth/trace.append"
                ],
                "preemptible": false,
                "reservation_affinity": [],
                "resource_labels": {},
                "service_account": "default",
                "shielded_instance_config": [
                  {
                    "enable_integrity_monitoring": true,
                    "enable_secure_boot": false
                  }
                ],
                "spot": false,
                "tags": [],
                "taint": [],
                "workload_metadata_config": []
              }
            ],
            "node_locations": [],
            "node_pool": [
              {
                "autoscaling": [],
                "initial_node_count": 1,
                "instance_group_urls": [
                  "https://www.googleapis.com/compute/v1/projects/nimble-unison-386200/zones/us-central1-a/instanceGroupManagers/gke-my-cluster-default-pool-8b325338-grp"
                ],
                "managed_instance_group_urls": [
                  "https://www.googleapis.com/compute/v1/projects/nimble-unison-386200/zones/us-central1-a/instanceGroups/gke-my-cluster-default-pool-8b325338-grp"
                ],
                "management": [
                  {
                    "auto_repair": true,
                    "auto_upgrade": true
                  }
                ],
                "max_pods_per_node": 0,
                "name": "default-pool",
                "name_prefix": "",
                "network_config": [
                  {
                    "create_pod_range": false,
                    "enable_private_nodes": false,
                    "pod_cidr_overprovision_config": [],
                    "pod_ipv4_cidr_block": "",
                    "pod_range": ""
                  }
                ],
                "node_config": [
                  {
                    "advanced_machine_features": [],
                    "boot_disk_kms_key": "",
                    "disk_size_gb": 100,
                    "disk_type": "pd-balanced",
                    "ephemeral_storage_local_ssd_config": [],
                    "gcfs_config": [],
                    "guest_accelerator": [],
                    "gvnic": [],
                    "image_type": "COS_CONTAINERD",
                    "kubelet_config": [],
                    "labels": {},
                    "linux_node_config": [],
                    "local_nvme_ssd_block_config": [],
                    "local_ssd_count": 0,
                    "logging_variant": "DEFAULT",
                    "machine_type": "n1-standard-1",
                    "metadata": {
                      "disable-legacy-endpoints": "true"
                    },
                    "min_cpu_platform": "",
                    "node_group": "",
                    "oauth_scopes": [
                      "https://www.googleapis.com/auth/devstorage.read_only",
                      "https://www.googleapis.com/auth/logging.write",
                      "https://www.googleapis.com/auth/monitoring",
                      "https://www.googleapis.com/auth/service.management.readonly",
                      "https://www.googleapis.com/auth/servicecontrol",
                      "https://www.googleapis.com/auth/trace.append"
                    ],
                    "preemptible": false,
                    "reservation_affinity": [],
                    "resource_labels": {},
                    "service_account": "default",
                    "shielded_instance_config": [
                      {
                        "enable_integrity_monitoring": true,
                        "enable_secure_boot": false
                      }
                    ],
                    "spot": false,
                    "tags": [],
                    "taint": [],
                    "workload_metadata_config": []
                  }
                ],
                "node_count": 1,
                "node_locations": [
                  "us-central1-a"
                ],
                "placement_policy": [],
                "upgrade_settings": [
                  {
                    "blue_green_settings": [],
                    "max_surge": 1,
                    "max_unavailable": 0,
                    "strategy": "SURGE"
                  }
                ],
                "version": "1.25.8-gke.500"
              }
            ],
            "node_pool_defaults": [
              {
                "node_config_defaults": [
                  {
                    "logging_variant": "DEFAULT"
                  }
                ]
              }
            ],
            "node_version": "1.25.8-gke.500",
            "notification_config": [
              {
                "pubsub": [
                  {
                    "enabled": false,
                    "filter": [],
                    "topic": ""
                  }
                ]
              }
            ],
            "operation": null,
            "private_cluster_config": [
              {
                "enable_private_endpoint": false,
                "enable_private_nodes": false,
                "master_global_access_config": [
                  {
                    "enabled": false
                  }
                ],
                "master_ipv4_cidr_block": "",
                "peering_name": "",
                "private_endpoint": "10.128.0.12",
                "private_endpoint_subnetwork": "",
                "public_endpoint": "34.66.181.197"
              }
            ],
            "private_ipv6_google_access": "",
            "project": "nimble-unison-386200",
            "release_channel": [
              {
                "channel": "REGULAR"
              }
            ],
            "remove_default_node_pool": null,
            "resource_labels": {},
            "resource_usage_export_config": [],
            "self_link": "https://container.googleapis.com/v1/projects/nimble-unison-386200/zones/us-central1-a/clusters/my-cluster",
            "service_external_ips_config": [
              {
                "enabled": false
              }
            ],
            "services_ipv4_cidr": "10.3.240.0/20",
            "subnetwork": "projects/nimble-unison-386200/regions/us-central1/subnetworks/default",
            "timeouts": null,
            "tpu_ipv4_cidr_block": "",
            "vertical_pod_autoscaling": [],
            "workload_identity_config": []
          },
          "sensitive_attributes": [],
          "private": "eyJlMmJmYjczMC1lY2FhLTExZTYtOGY4OC0zNDM2M2JjN2M0YzAiOnsiY3JlYXRlIjoyNDAwMDAwMDAwMDAwLCJkZWxldGUiOjI0MDAwMDAwMDAwMDAsInJlYWQiOjI0MDAwMDAwMDAwMDAsInVwZGF0ZSI6MzYwMDAwMDAwMDAwMH0sInNjaGVtYV92ZXJzaW9uIjoiMSJ9"
        }
      ]
    },
    {
      "module": "module.lb",
      "mode": "managed",
      "type": "google_compute_forwarding_rule",
      "name": "web_forwarding_rule",
      "provider": "provider[\"registry.terraform.io/hashicorp/google\"]",
      "instances": []
    },
    {
      "module": "module.sql",
      "mode": "managed",
      "type": "google_sql_database",
      "name": "main",
      "provider": "provider[\"registry.terraform.io/hashicorp/google\"]",
      "instances": [
        {
          "schema_version": 0,
          "attributes": {
            "charset": "utf8mb4",
            "collation": "utf8mb4_0900_ai_ci",
            "deletion_policy": "DELETE",
            "id": "projects/nimble-unison-386200/instances/main1/databases/main1",
            "instance": "main1",
            "name": "main1",
            "project": "nimble-unison-386200",
            "self_link": "https://sqladmin.googleapis.com/sql/v1beta4/projects/nimble-unison-386200/instances/main1/databases/main1",
            "timeouts": null
          },
          "sensitive_attributes": [],
          "private": "eyJlMmJmYjczMC1lY2FhLTExZTYtOGY4OC0zNDM2M2JjN2M0YzAiOnsiY3JlYXRlIjoxMjAwMDAwMDAwMDAwLCJkZWxldGUiOjEyMDAwMDAwMDAwMDAsInVwZGF0ZSI6MTIwMDAwMDAwMDAwMH19",
          "dependencies": [
            "module.sql.google_sql_database_instance.main_primary",
            "module.vpc.google_compute_network.vpc"
          ]
        }
      ]
    },
    {
      "module": "module.sql",
      "mode": "managed",
      "type": "google_sql_database_instance",
      "name": "main_primary",
      "provider": "provider[\"registry.terraform.io/hashicorp/google\"]",
      "instances": [
        {
          "schema_version": 0,
          "attributes": {
            "available_maintenance_versions": [],
            "clone": [],
            "connection_name": "nimble-unison-386200:us-central1:main1",
            "database_version": "MYSQL_8_0",
            "deletion_protection": false,
            "encryption_key_name": null,
            "first_ip_address": "172.17.96.3",
            "id": "main1",
            "instance_type": "CLOUD_SQL_INSTANCE",
            "ip_address": [
              {
                "ip_address": "172.17.96.3",
                "time_to_retire": "",
                "type": "PRIVATE"
              }
            ],
            "maintenance_version": "MYSQL_8_0_26.R20230314.03_02",
            "master_instance_name": "",
            "name": "main1",
            "private_ip_address": "172.17.96.3",
            "project": "nimble-unison-386200",
            "public_ip_address": "",
            "region": "us-central1",
            "replica_configuration": [],
            "restore_backup_context": [],
            "root_password": null,
            "self_link": "https://sqladmin.googleapis.com/sql/v1beta4/projects/nimble-unison-386200/instances/main1",
            "server_ca_cert": [
              {
                "cert": "-----BEGIN CERTIFICATE-----\nMIIDfzCCAmegAwIBAgIBADANBgkqhkiG9w0BAQsFADB3MS0wKwYDVQQuEyRkY2Uz\nOTNhMi02MWY0LTRjODgtOGVlNS1hNjQzN2Y3ZWQ1NTkxIzAhBgNVBAMTGkdvb2ds\nZSBDbG91ZCBTUUwgU2VydmVyIENBMRQwEgYDVQQKEwtHb29nbGUsIEluYzELMAkG\nA1UEBhMCVVMwHhcNMjMwNTIxMTk1MjAzWhcNMzMwNTE4MTk1MzAzWjB3MS0wKwYD\nVQQuEyRkY2UzOTNhMi02MWY0LTRjODgtOGVlNS1hNjQzN2Y3ZWQ1NTkxIzAhBgNV\nBAMTGkdvb2dsZSBDbG91ZCBTUUwgU2VydmVyIENBMRQwEgYDVQQKEwtHb29nbGUs\nIEluYzELMAkGA1UEBhMCVVMwggEiMA0GCSqGSIb3DQEBAQUAA4IBDwAwggEKAoIB\nAQCFtMSJFoNzQDaDMFpRoC6lTobuEiigRPqwBAdLrdC8GRd1GG/QSecKolwNRVlW\nVDbFDAGmKakw7Wu8Xd6xLPqBF7+HUdRruOxA9Ql8zqFmsO+j0aXMHHRoGNtCXz4l\nyV0wWHhzfdazJbx75q67gGbrG4YI4vwr0RjHodKX598fpQzLv5QvHs9lmc9nUCq7\nozVmNUro6gUU7416Xp+XfbNU/Tm0hwM5UYiNEAyOLIzcU7qkQNlWxRu1vziOwfWI\nL1t6mWyNRegNmlZ9Hkdk9AOu0jMxCo2Dzl3wuVgDauPWZwwos6M5vbyhs+8Ylbvc\nXFpW3skbTGHSh9N4Fi5OvRCnAgMBAAGjFjAUMBIGA1UdEwEB/wQIMAYBAf8CAQAw\nDQYJKoZIhvcNAQELBQADggEBAHJfCYNOHCJrSoZUdseFIIE7jX4HfHBACxd1coJJ\nkZIMCKTjbk04JHA+YCQTeNE/+zqs57k9uI8jkIpGxENlq6R0LkzjyCh9qqpFToov\nyBMetZrlnByK0UZpRcSHfTdT8VH9eG6+3WZaTvGaC4iy56qy1JDmzRWbFRc84Wwk\nrgfMkqjA7qgRdb/iQc06pq//pcv2aEwV2jcwjYX0uZd/C9ariOYnMLKMwoV5q3kw\nP0XtJ4lxeTDl96g4PWmJjZ6TM8HqHTysHs0a4kL70zemggDDmqQ29xIzpDcWMOJN\n7nsvwQrhQkYNArZSc7VduWG2+pQE3HhtxpR437s0YbVatdI=\n-----END CERTIFICATE-----",
                "common_name": "C=US,O=Google\\, Inc,CN=Google Cloud SQL Server CA,dnQualifier=dce393a2-61f4-4c88-8ee5-a6437f7ed559",
                "create_time": "2023-05-21T19:52:03.012Z",
                "expiration_time": "2033-05-18T19:53:03.012Z",
                "sha1_fingerprint": "6bc3e754e5cf127f1fa34a85c75b6fc80ebdd580"
              }
            ],
            "service_account_email_address": "p70084912920-49s8zt@gcp-sa-cloud-sql.iam.gserviceaccount.com",
            "settings": [
              {
                "activation_policy": "ALWAYS",
                "active_directory_config": [],
                "availability_type": "ZONAL",
                "backup_configuration": [
                  {
                    "backup_retention_settings": [
                      {
                        "retained_backups": 7,
                        "retention_unit": "COUNT"
                      }
                    ],
                    "binary_log_enabled": false,
                    "enabled": false,
                    "location": "",
                    "point_in_time_recovery_enabled": false,
                    "start_time": "02:00",
                    "transaction_log_retention_days": 7
                  }
                ],
                "collation": "",
                "connector_enforcement": "NOT_REQUIRED",
                "database_flags": [],
                "deletion_protection_enabled": false,
                "deny_maintenance_period": [],
                "disk_autoresize": true,
                "disk_autoresize_limit": 0,
                "disk_size": 10,
                "disk_type": "PD_SSD",
                "insights_config": [],
                "ip_configuration": [
                  {
                    "allocated_ip_range": "",
                    "authorized_networks": [],
                    "enable_private_path_for_google_cloud_services": false,
                    "ipv4_enabled": false,
                    "private_network": "projects/nimble-unison-386200/global/networks/task",
                    "require_ssl": false
                  }
                ],
                "location_preference": [
                  {
                    "follow_gae_application": "",
                    "secondary_zone": "",
                    "zone": "us-central1-f"
                  }
                ],
                "maintenance_window": [],
                "password_validation_policy": [],
                "pricing_plan": "PER_USE",
                "sql_server_audit_config": [],
                "tier": "db-f1-micro",
                "time_zone": "",
                "user_labels": {},
                "version": 2
              }
            ],
            "timeouts": null
          },
          "sensitive_attributes": [],
          "private": "eyJlMmJmYjczMC1lY2FhLTExZTYtOGY4OC0zNDM2M2JjN2M0YzAiOnsiY3JlYXRlIjoyNDAwMDAwMDAwMDAwLCJkZWxldGUiOjE4MDAwMDAwMDAwMDAsInVwZGF0ZSI6MTgwMDAwMDAwMDAwMH19",
          "dependencies": [
            "module.vpc.google_compute_network.vpc"
          ]
        }
      ]
    },
    {
      "module": "module.sql",
      "mode": "managed",
      "type": "google_sql_user",
      "name": "db_user",
      "provider": "provider[\"registry.terraform.io/hashicorp/google\"]",
      "instances": [
        {
          "schema_version": 1,
          "attributes": {
            "deletion_policy": null,
            "host": "",
            "id": "Karan//main1",
            "instance": "main1",
            "name": "Karan",
            "password": "Karan",
            "password_policy": [],
            "project": "nimble-unison-386200",
            "sql_server_user_details": [],
            "timeouts": null,
            "type": ""
          },
          "sensitive_attributes": [],
          "private": "eyJlMmJmYjczMC1lY2FhLTExZTYtOGY4OC0zNDM2M2JjN2M0YzAiOnsiY3JlYXRlIjo2MDAwMDAwMDAwMDAsImRlbGV0ZSI6NjAwMDAwMDAwMDAwLCJ1cGRhdGUiOjYwMDAwMDAwMDAwMH0sInNjaGVtYV92ZXJzaW9uIjoiMSJ9",
          "dependencies": [
            "module.sql.google_sql_database_instance.main_primary",
            "module.vpc.google_compute_network.vpc"
          ]
        }
      ]
    },
    {
      "module": "module.vm",
      "mode": "managed",
      "type": "google_compute_instance",
      "name": "web",
      "provider": "provider[\"registry.terraform.io/hashicorp/google\"]",
      "instances": [
        {
          "schema_version": 6,
          "attributes": {
            "advanced_machine_features": [],
            "allow_stopping_for_update": null,
            "attached_disk": [],
            "boot_disk": [
              {
                "auto_delete": true,
                "device_name": "persistent-disk-0",
                "disk_encryption_key_raw": "",
                "disk_encryption_key_sha256": "",
                "initialize_params": [
                  {
                    "image": "https://www.googleapis.com/compute/v1/projects/nimble-unison-386200/global/images/image-1",
                    "labels": {},
                    "size": 10,
                    "type": "pd-standard"
                  }
                ],
                "kms_key_self_link": "",
                "mode": "READ_WRITE",
                "source": "https://www.googleapis.com/compute/v1/projects/nimble-unison-386200/zones/us-central1-a/disks/web"
              }
            ],
            "can_ip_forward": false,
            "confidential_instance_config": [],
            "cpu_platform": "Intel Haswell",
            "current_status": "RUNNING",
            "deletion_protection": false,
            "description": "",
            "desired_status": null,
            "enable_display": false,
            "guest_accelerator": [],
            "hostname": "",
            "id": "projects/nimble-unison-386200/zones/us-central1-a/instances/web",
            "instance_id": "4575915622659473632",
            "label_fingerprint": "42WmSpB8rSM=",
            "labels": null,
            "machine_type": "n1-standard-1",
            "metadata": null,
            "metadata_fingerprint": "xFRLlV5H6uQ=",
            "metadata_startup_script": null,
            "min_cpu_platform": "",
            "name": "web",
            "network_interface": [
              {
                "access_config": [],
                "alias_ip_range": [],
                "ipv6_access_config": [],
                "ipv6_access_type": "",
                "name": "nic0",
                "network": "https://www.googleapis.com/compute/v1/projects/nimble-unison-386200/global/networks/task",
                "network_ip": "10.0.0.10",
                "nic_type": "",
                "queue_count": 0,
                "stack_type": "IPV4_ONLY",
                "subnetwork": "https://www.googleapis.com/compute/v1/projects/nimble-unison-386200/regions/us-central1/subnetworks/sub-prim",
                "subnetwork_project": "nimble-unison-386200"
              }
            ],
            "project": "nimble-unison-386200",
            "reservation_affinity": [],
            "resource_policies": null,
            "scheduling": [
              {
                "automatic_restart": true,
                "instance_termination_action": "",
                "min_node_cpus": 0,
                "node_affinities": [],
                "on_host_maintenance": "MIGRATE",
                "preemptible": false,
                "provisioning_model": "STANDARD"
              }
            ],
            "scratch_disk": [],
            "self_link": "https://www.googleapis.com/compute/v1/projects/nimble-unison-386200/zones/us-central1-a/instances/web",
            "service_account": [],
            "shielded_instance_config": [
              {
                "enable_integrity_monitoring": true,
                "enable_secure_boot": false,
                "enable_vtpm": true
              }
            ],
            "tags": null,
            "tags_fingerprint": "42WmSpB8rSM=",
            "timeouts": null,
            "zone": "us-central1-a"
          },
          "sensitive_attributes": [],
          "private": "eyJlMmJmYjczMC1lY2FhLTExZTYtOGY4OC0zNDM2M2JjN2M0YzAiOnsiY3JlYXRlIjoxMjAwMDAwMDAwMDAwLCJkZWxldGUiOjEyMDAwMDAwMDAwMDAsInVwZGF0ZSI6MTIwMDAwMDAwMDAwMH0sInNjaGVtYV92ZXJzaW9uIjoiNiJ9",
          "dependencies": [
            "module.vpc.google_compute_address.ip_address",
            "module.vpc.google_compute_subnetwork.private_subnet"
          ]
        }
      ]
    },
    {
      "module": "module.vpc",
      "mode": "managed",
      "type": "google_compute_address",
      "name": "ip_address",
      "provider": "provider[\"registry.terraform.io/hashicorp/google\"]",
      "instances": [
        {
          "schema_version": 0,
          "attributes": {
            "address": "10.0.0.10",
            "address_type": "INTERNAL",
            "creation_timestamp": "2023-05-21T12:35:40.416-07:00",
            "description": "",
            "id": "projects/nimble-unison-386200/regions/us-central1/addresses/private-ip1",
            "name": "private-ip1",
            "network": "",
            "network_tier": "PREMIUM",
            "prefix_length": 0,
            "project": "nimble-unison-386200",
            "purpose": "GCE_ENDPOINT",
            "region": "us-central1",
            "self_link": "https://www.googleapis.com/compute/v1/projects/nimble-unison-386200/regions/us-central1/addresses/private-ip1",
            "subnetwork": "https://www.googleapis.com/compute/v1/projects/nimble-unison-386200/regions/us-central1/subnetworks/sub-prim",
            "timeouts": null,
            "users": [
              "https://www.googleapis.com/compute/v1/projects/nimble-unison-386200/zones/us-central1-a/instances/web"
            ]
          },
          "sensitive_attributes": [],
          "private": "eyJlMmJmYjczMC1lY2FhLTExZTYtOGY4OC0zNDM2M2JjN2M0YzAiOnsiY3JlYXRlIjoxMjAwMDAwMDAwMDAwLCJkZWxldGUiOjEyMDAwMDAwMDAwMDB9fQ==",
          "dependencies": [
            "module.vpc.google_compute_network.vpc",
            "module.vpc.google_compute_subnetwork.private_subnet"
          ]
        }
      ]
    },
    {
      "module": "module.vpc",
      "mode": "managed",
      "type": "google_compute_firewall",
      "name": "default",
      "provider": "provider[\"registry.terraform.io/hashicorp/google\"]",
      "instances": [
        {
          "schema_version": 1,
          "attributes": {
            "allow": [
              {
                "ports": [
                  "80",
                  "22",
                  "8080",
                  "5432",
                  "3306"
                ],
                "protocol": "tcp"
              }
            ],
            "creation_timestamp": "2023-05-21T12:35:23.140-07:00",
            "deny": [],
            "description": "",
            "destination_ranges": [],
            "direction": "INGRESS",
            "disabled": false,
            "enable_logging": null,
            "id": "projects/nimble-unison-386200/global/firewalls/default3",
            "log_config": [],
            "name": "default3",
            "network": "https://www.googleapis.com/compute/v1/projects/nimble-unison-386200/global/networks/task",
            "priority": 1000,
            "project": "nimble-unison-386200",
            "self_link": "https://www.googleapis.com/compute/v1/projects/nimble-unison-386200/global/firewalls/default3",
            "source_ranges": [
              "0.0.0.0/0"
            ],
            "source_service_accounts": [],
            "source_tags": [],
            "target_service_accounts": [],
            "target_tags": [],
            "timeouts": null
          },
          "sensitive_attributes": [],
          "private": "eyJlMmJmYjczMC1lY2FhLTExZTYtOGY4OC0zNDM2M2JjN2M0YzAiOnsiY3JlYXRlIjoxMjAwMDAwMDAwMDAwLCJkZWxldGUiOjEyMDAwMDAwMDAwMDAsInVwZGF0ZSI6MTIwMDAwMDAwMDAwMH0sInNjaGVtYV92ZXJzaW9uIjoiMSJ9",
          "dependencies": [
            "module.vpc.google_compute_network.vpc"
          ]
        }
      ]
    },
    {
      "module": "module.vpc",
      "mode": "managed",
      "type": "google_compute_global_address",
      "name": "private_ip_block",
      "provider": "provider[\"registry.terraform.io/hashicorp/google\"]",
      "instances": [
        {
          "schema_version": 0,
          "attributes": {
            "address": "172.17.96.0",
            "address_type": "INTERNAL",
            "creation_timestamp": "2023-05-21T12:35:23.108-07:00",
            "description": "",
            "id": "projects/nimble-unison-386200/global/addresses/private-ip-block1",
            "ip_version": "",
            "name": "private-ip-block1",
            "network": "https://www.googleapis.com/compute/v1/projects/nimble-unison-386200/global/networks/task",
            "prefix_length": 20,
            "project": "nimble-unison-386200",
            "purpose": "VPC_PEERING",
            "self_link": "https://www.googleapis.com/compute/v1/projects/nimble-unison-386200/global/addresses/private-ip-block1",
            "timeouts": null
          },
          "sensitive_attributes": [],
          "private": "eyJlMmJmYjczMC1lY2FhLTExZTYtOGY4OC0zNDM2M2JjN2M0YzAiOnsiY3JlYXRlIjoxMjAwMDAwMDAwMDAwLCJkZWxldGUiOjEyMDAwMDAwMDAwMDB9fQ==",
          "dependencies": [
            "module.vpc.google_compute_network.vpc"
          ]
        }
      ]
    },
    {
      "module": "module.vpc",
      "mode": "managed",
      "type": "google_compute_network",
      "name": "vpc",
      "provider": "provider[\"registry.terraform.io/hashicorp/google\"]",
      "instances": [
        {
          "schema_version": 0,
          "attributes": {
            "auto_create_subnetworks": true,
            "delete_default_routes_on_create": false,
            "description": "",
            "enable_ula_internal_ipv6": false,
            "gateway_ipv4": "",
            "id": "projects/nimble-unison-386200/global/networks/task",
            "internal_ipv6_range": "",
            "mtu": 0,
            "name": "task",
            "network_firewall_policy_enforcement_order": "AFTER_CLASSIC_FIREWALL",
            "project": "nimble-unison-386200",
            "routing_mode": "REGIONAL",
            "self_link": "https://www.googleapis.com/compute/v1/projects/nimble-unison-386200/global/networks/task",
            "timeouts": null
          },
          "sensitive_attributes": [],
          "private": "eyJlMmJmYjczMC1lY2FhLTExZTYtOGY4OC0zNDM2M2JjN2M0YzAiOnsiY3JlYXRlIjoxMjAwMDAwMDAwMDAwLCJkZWxldGUiOjEyMDAwMDAwMDAwMDAsInVwZGF0ZSI6MTIwMDAwMDAwMDAwMH19"
        }
      ]
    },
    {
      "module": "module.vpc",
      "mode": "managed",
      "type": "google_compute_router",
      "name": "nat_router",
      "provider": "provider[\"registry.terraform.io/hashicorp/google\"]",
      "instances": [
        {
          "schema_version": 0,
          "attributes": {
            "bgp": [],
            "creation_timestamp": "2023-05-21T12:35:23.999-07:00",
            "description": "",
            "encrypted_interconnect_router": false,
            "id": "projects/nimble-unison-386200/regions/us-central1/routers/nat-router1",
            "name": "nat-router1",
            "network": "https://www.googleapis.com/compute/v1/projects/nimble-unison-386200/global/networks/task",
            "project": "nimble-unison-386200",
            "region": "us-central1",
            "self_link": "https://www.googleapis.com/compute/v1/projects/nimble-unison-386200/regions/us-central1/routers/nat-router1",
            "timeouts": null
          },
          "sensitive_attributes": [],
          "private": "eyJlMmJmYjczMC1lY2FhLTExZTYtOGY4OC0zNDM2M2JjN2M0YzAiOnsiY3JlYXRlIjoxMjAwMDAwMDAwMDAwLCJkZWxldGUiOjEyMDAwMDAwMDAwMDAsInVwZGF0ZSI6MTIwMDAwMDAwMDAwMH19",
          "dependencies": [
            "module.vpc.google_compute_network.vpc"
          ]
        }
      ]
    },
    {
      "module": "module.vpc",
      "mode": "managed",
      "type": "google_compute_router_nat",
      "name": "nat_config",
      "provider": "provider[\"registry.terraform.io/hashicorp/google\"]",
      "instances": [
        {
          "schema_version": 0,
          "attributes": {
            "drain_nat_ips": [],
            "enable_dynamic_port_allocation": false,
            "enable_endpoint_independent_mapping": true,
            "icmp_idle_timeout_sec": 30,
            "id": "nimble-unison-386200/us-central1/nat-router1/nat-config1",
            "log_config": [],
            "max_ports_per_vm": 0,
            "min_ports_per_vm": 0,
            "name": "nat-config1",
            "nat_ip_allocate_option": "AUTO_ONLY",
            "nat_ips": [],
            "project": "nimble-unison-386200",
            "region": "us-central1",
            "router": "nat-router1",
            "rules": [],
            "source_subnetwork_ip_ranges_to_nat": "ALL_SUBNETWORKS_ALL_IP_RANGES",
            "subnetwork": [],
            "tcp_established_idle_timeout_sec": 1200,
            "tcp_time_wait_timeout_sec": 120,
            "tcp_transitory_idle_timeout_sec": 30,
            "timeouts": null,
            "udp_idle_timeout_sec": 30
          },
          "sensitive_attributes": [],
          "private": "eyJlMmJmYjczMC1lY2FhLTExZTYtOGY4OC0zNDM2M2JjN2M0YzAiOnsiY3JlYXRlIjoxMjAwMDAwMDAwMDAwLCJkZWxldGUiOjEyMDAwMDAwMDAwMDAsInVwZGF0ZSI6MTIwMDAwMDAwMDAwMH19",
          "dependencies": [
            "module.vpc.google_compute_network.vpc",
            "module.vpc.google_compute_router.nat_router"
          ]
        }
      ]
    },
    {
      "module": "module.vpc",
      "mode": "managed",
      "type": "google_compute_subnetwork",
      "name": "private_subnet",
      "provider": "provider[\"registry.terraform.io/hashicorp/google\"]",
      "instances": [
        {
          "schema_version": 0,
          "attributes": {
            "creation_timestamp": "2023-05-21T12:35:24.080-07:00",
            "description": "",
            "external_ipv6_prefix": "",
            "fingerprint": null,
            "gateway_address": "10.0.0.1",
            "id": "projects/nimble-unison-386200/regions/us-central1/subnetworks/sub-prim",
            "ip_cidr_range": "10.0.0.0/28",
            "ipv6_access_type": "",
            "ipv6_cidr_range": "",
            "log_config": [],
            "name": "sub-prim",
            "network": "https://www.googleapis.com/compute/v1/projects/nimble-unison-386200/global/networks/task",
            "private_ip_google_access": false,
            "private_ipv6_google_access": "DISABLE_GOOGLE_ACCESS",
            "project": "nimble-unison-386200",
            "purpose": "PRIVATE",
            "region": "us-central1",
            "role": "",
            "secondary_ip_range": [],
            "self_link": "https://www.googleapis.com/compute/v1/projects/nimble-unison-386200/regions/us-central1/subnetworks/sub-prim",
            "stack_type": "IPV4_ONLY",
            "timeouts": null
          },
          "sensitive_attributes": [],
          "private": "eyJlMmJmYjczMC1lY2FhLTExZTYtOGY4OC0zNDM2M2JjN2M0YzAiOnsiY3JlYXRlIjoxMjAwMDAwMDAwMDAwLCJkZWxldGUiOjEyMDAwMDAwMDAwMDAsInVwZGF0ZSI6MTIwMDAwMDAwMDAwMH19",
          "dependencies": [
            "module.vpc.google_compute_network.vpc"
          ]
        }
      ]
    },
    {
      "module": "module.vpc",
      "mode": "managed",
      "type": "google_service_networking_connection",
      "name": "private_vpc_connection",
      "provider": "provider[\"registry.terraform.io/hashicorp/google\"]",
      "instances": [
        {
          "schema_version": 0,
          "attributes": {
            "id": "https%3A%2F%2Fwww.googleapis.com%2Fcompute%2Fv1%2Fprojects%2Fnimble-unison-386200%2Fglobal%2Fnetworks%2Ftask:servicenetworking.googleapis.com",
            "network": "https://www.googleapis.com/compute/v1/projects/nimble-unison-386200/global/networks/task",
            "peering": "servicenetworking-googleapis-com",
            "reserved_peering_ranges": [
              "private-ip-block1"
            ],
            "service": "servicenetworking.googleapis.com",
            "timeouts": null
          },
          "sensitive_attributes": [],
          "private": "eyJlMmJmYjczMC1lY2FhLTExZTYtOGY4OC0zNDM2M2JjN2M0YzAiOnsiY3JlYXRlIjo2MDAwMDAwMDAwMDAsImRlbGV0ZSI6NjAwMDAwMDAwMDAwLCJ1cGRhdGUiOjYwMDAwMDAwMDAwMH19",
          "dependencies": [
            "module.vpc.google_compute_global_address.private_ip_block",
            "module.vpc.google_compute_network.vpc"
          ]
        }
      ]
    }
  ],
  "check_results": null
}
